
Microsoft Visual Studio Solution File, Format Version 12.00
# Visual Studio Version 17
VisualStudioVersion = 17.8.34330.188
MinimumVisualStudioVersion = 10.0.40219.1
Project("{FAE04EC0-301F-11D3-BF4B-00C04F79EFBC}") = "SplitSnap", "SplitSnap.csproj", "{8DA0D1E8-17B5-5A89-80A5-7FB1A188E5BA}"
EndProject
Global
	GlobalSection(SolutionConfigurationPlatforms) = preSolution
		Debug|Any CPU = Debug|Any CPU
		Release|Any CPU = Release|Any CPU
	EndGlobalSection
	GlobalSection(ProjectConfigurationPlatforms) = postSolution
		{8DA0D1E8-17B5-5A89-80A5-7FB1A188E5BA}.Debug|Any CPU.ActiveCfg = Debug|Any CPU
		{8DA0D1E8-17B5-5A89-80A5-7FB1A188E5BA}.Debug|Any CPU.Build.0 = Debug|Any CPU
		{8DA0D1E8-17B5-5A89-80A5-7FB1A188E5BA}.Release|Any CPU.ActiveCfg = Release|Any CPU
		{8DA0D1E8-17B5-5A89-80A5-7FB1A188E5BA}.Release|Any CPU.Build.0 = Release|Any CPU
	EndGlobalSection
	GlobalSection(SolutionProperties) = preSolution
		HideSolutionNode = FALSE
	EndGlobalSection
	GlobalSection(ExtensibilityGlobals) = postSolution
		SolutionGuid = {7078C8B2-808D-5151-AC79-84D5B25D6F29}
	EndGlobalSection
EndGlobal
